
Microsoft Visual Studio Solution File, Format Version 12.00
# Visual Studio Version 17
VisualStudioVersion = 17.13.35825.156 d17.13
MinimumVisualStudioVersion = 10.0.40219.1
Project("{FAE04EC0-301F-11D3-BF4B-00C04F79EFBC}") = "ProjetoMusica", "ProjetoMusica\ProjetoMusica.csproj", "{520CBCDE-0C1E-42E4-BE52-CDEE48777450}"
EndProject
Global
	GlobalSection(SolutionConfigurationPlatforms) = preSolution
		Debug|Any CPU = Debug|Any CPU
		Release|Any CPU = Release|Any CPU
	EndGlobalSection
	GlobalSection(ProjectConfigurationPlatforms) = postSolution
		{520CBCDE-0C1E-42E4-BE52-CDEE48777450}.Debug|Any CPU.ActiveCfg = Debug|Any CPU
		{520CBCDE-0C1E-42E4-BE52-CDEE48777450}.Debug|Any CPU.Build.0 = Debug|Any CPU
		{520CBCDE-0C1E-42E4-BE52-CDEE48777450}.Release|Any CPU.ActiveCfg = Release|Any CPU
		{520CBCDE-0C1E-42E4-BE52-CDEE48777450}.Release|Any CPU.Build.0 = Release|Any CPU
	EndGlobalSection
	GlobalSection(SolutionProperties) = preSolution
		HideSolutionNode = FALSE
	EndGlobalSection
	GlobalSection(ExtensibilityGlobals) = postSolution
		SolutionGuid = {F582C11D-D995-45B1-B33D-54406BC74731}
	EndGlobalSection
EndGlobal
